
Microsoft Visual Studio Solution File, Format Version 12.00
# Visual Studio Version 16
VisualStudioVersion = 16.0.32228.343
MinimumVisualStudioVersion = 10.0.40219.1
Project("{8BC9CEB8-8B4A-11D0-8D11-00A0C91BC942}") = "MineHati", "MineHati.vcxproj", "{2F72C1ED-CBE3-48D2-96BC-1ED2034AEFCF}"
EndProject
Global
	GlobalSection(SolutionConfigurationPlatforms) = preSolution
		Debug|x64 = Debug|x64
		Debug|x86 = Debug|x86
		Release|x64 = Release|x64
		Release|x86 = Release|x86
	EndGlobalSection
	GlobalSection(ProjectConfigurationPlatforms) = postSolution
		{2F72C1ED-CBE3-48D2-96BC-1ED2034AEFCF}.Debug|x64.ActiveCfg = Debug|x64
		{2F72C1ED-CBE3-48D2-96BC-1ED2034AEFCF}.Debug|x64.Build.0 = Debug|x64
		{2F72C1ED-CBE3-48D2-96BC-1ED2034AEFCF}.Debug|x86.ActiveCfg = Debug|Win32
		{2F72C1ED-CBE3-48D2-96BC-1ED2034AEFCF}.Debug|x86.Build.0 = Debug|Win32
		{2F72C1ED-CBE3-48D2-96BC-1ED2034AEFCF}.Release|x64.ActiveCfg = Release|x64
		{2F72C1ED-CBE3-48D2-96BC-1ED2034AEFCF}.Release|x64.Build.0 = Release|x64
		{2F72C1ED-CBE3-48D2-96BC-1ED2034AEFCF}.Release|x86.ActiveCfg = Release|Win32
		{2F72C1ED-CBE3-48D2-96BC-1ED2034AEFCF}.Release|x86.Build.0 = Release|Win32
	EndGlobalSection
	GlobalSection(SolutionProperties) = preSolution
		HideSolutionNode = FALSE
	EndGlobalSection
	GlobalSection(ExtensibilityGlobals) = postSolution
		SolutionGuid = {ABA17B41-E64C-4449-A920-95BB39B58BEA}
	EndGlobalSection
EndGlobal
